schema: '2.0'
stages:
  autoencoder:
    cmd: python src/autoencoder.py src/FCDataset.py
    deps:
    - path: src/FCDataset.py
      hash: md5
      md5: 3e88781651aabe7aa6047d97b9a7a64d
      size: 2312
    - path: src/autoencoder.py
      hash: md5
      md5: 3ef996ff1adc46268419382b5d7fec12
      size: 4499
    params:
      params.yaml:
        autoencoder:
          seed: 444
          architecture:
            hid1_dim: 1000
            hid2_dim: 1000
            out_dim: 10
            drop_prob: 0.5
          optimizer:
            lr: 0.001
            beta1: 0.9
            beta2: 0.999
            eps: 1e-08
            weight_decay: 1e-07
          num_epochs: 2
    outs:
    - path: encoded_data.npy
      hash: md5
      md5: 42d6753d1ebb20c5de3e0a4efcd73a8e
      size: 12928
  clusterizer:
    cmd: python src/clusterizer.py encoded_data.npy
    deps:
    - path: encoded_data.npy
      hash: md5
      md5: 42d6753d1ebb20c5de3e0a4efcd73a8e
      size: 12928
    - path: src/clusterizer.py
      hash: md5
      md5: cb4c2e04e2646883ec1c5ad42cbc23e9
      size: 1148
    params:
      params.yaml:
        autoencoder.seed: 444
    outs:
    - path: submission.csv
      hash: md5
      md5: ff826dcd2835b6ea6b6a6b0fb72959b4
      size: 811
